
Microsoft Visual Studio Solution File, Format Version 12.00
# Visual Studio Version 16
VisualStudioVersion = 16.0.29613.14
MinimumVisualStudioVersion = 10.0.40219.1
Project("{9A19103F-16F7-4668-BE54-9A1E7A4F7556}") = "TestTaskDatesWepApplication", "TestTaskDatesWepApplication.csproj", "{B558EF0F-F692-4C1B-A1F1-E7E9F314645D}"
	ProjectSection(ProjectDependencies) = postProject
		{18377917-25DA-45C6-9491-395B92C7704E} = {18377917-25DA-45C6-9491-395B92C7704E}
	EndProjectSection
EndProject
Project("{FAE04EC0-301F-11D3-BF4B-00C04F79EFBC}") = "TestTaskDatesCommon", "..\TestTaskDatesCommon\TestTaskDatesCommon.csproj", "{18377917-25DA-45C6-9491-395B92C7704E}"
EndProject
Global
	GlobalSection(SolutionConfigurationPlatforms) = preSolution
		Debug|Any CPU = Debug|Any CPU
		Release|Any CPU = Release|Any CPU
	EndGlobalSection
	GlobalSection(ProjectConfigurationPlatforms) = postSolution
		{B558EF0F-F692-4C1B-A1F1-E7E9F314645D}.Debug|Any CPU.ActiveCfg = Debug|Any CPU
		{B558EF0F-F692-4C1B-A1F1-E7E9F314645D}.Debug|Any CPU.Build.0 = Debug|Any CPU
		{B558EF0F-F692-4C1B-A1F1-E7E9F314645D}.Release|Any CPU.ActiveCfg = Release|Any CPU
		{B558EF0F-F692-4C1B-A1F1-E7E9F314645D}.Release|Any CPU.Build.0 = Release|Any CPU
		{18377917-25DA-45C6-9491-395B92C7704E}.Debug|Any CPU.ActiveCfg = Debug|Any CPU
		{18377917-25DA-45C6-9491-395B92C7704E}.Debug|Any CPU.Build.0 = Debug|Any CPU
		{18377917-25DA-45C6-9491-395B92C7704E}.Release|Any CPU.ActiveCfg = Release|Any CPU
		{18377917-25DA-45C6-9491-395B92C7704E}.Release|Any CPU.Build.0 = Release|Any CPU
	EndGlobalSection
	GlobalSection(SolutionProperties) = preSolution
		HideSolutionNode = FALSE
	EndGlobalSection
	GlobalSection(ExtensibilityGlobals) = postSolution
		SolutionGuid = {09B1AF0A-87D2-4329-8424-A116E9E208FB}
	EndGlobalSection
EndGlobal
